
Microsoft Visual Studio Solution File, Format Version 12.00
# Visual Studio 14
VisualStudioVersion = 14.0.23107.0
MinimumVisualStudioVersion = 10.0.40219.1
Project("{2150E333-8FDC-42A3-9474-1A3956D46DE8}") = "01.CSharp", "01.CSharp", "{9DC856B7-CC30-42F1-9FD6-CDF03A98B9F2}"
EndProject
Project("{2150E333-8FDC-42A3-9474-1A3956D46DE8}") = "Day 1", "Day 1", "{7495D411-8F21-4FA4-B673-75C7C3071231}"
EndProject
Project("{2150E333-8FDC-42A3-9474-1A3956D46DE8}") = "Day 2", "Day 2", "{6948279C-162E-4AB1-A92D-40AE0F1F35E7}"
EndProject
Project("{2150E333-8FDC-42A3-9474-1A3956D46DE8}") = "01.Data Types", "01.Data Types", "{24621E85-47AE-40A8-99C2-E435707AA25F}"
EndProject
Project("{2150E333-8FDC-42A3-9474-1A3956D46DE8}") = "02.Decision Making", "02.Decision Making", "{280C5495-4821-4D4E-AF54-EA37F7665146}"
EndProject
Project("{FAE04EC0-301F-11D3-BF4B-00C04F79EFBC}") = "Decision Making", "01.CSharp\Day 2\02.Decision Making\Decision Making\Decision Making.csproj", "{0F664A4A-70C7-4B6E-8A00-71E1DD78A2F0}"
EndProject
Project("{FAE04EC0-301F-11D3-BF4B-00C04F79EFBC}") = "Data Types", "01.CSharp\Day 2\01.Data Types\Data Types\Data Types.csproj", "{E0AC87FD-8D1F-4983-B9BB-0AD32A1456FD}"
EndProject
Project("{2150E333-8FDC-42A3-9474-1A3956D46DE8}") = "03.Event Driven", "03.Event Driven", "{E786382F-17D5-4D77-B629-96ADD44AAC52}"
EndProject
Project("{FAE04EC0-301F-11D3-BF4B-00C04F79EFBC}") = "Event Driven", "01.CSharp\Day 2\03.Event Driven\Event Driven\Event Driven.csproj", "{11A8CC44-D32A-40F5-A629-550C3C2DE8BE}"
EndProject
Project("{2150E333-8FDC-42A3-9474-1A3956D46DE8}") = "04.Exception Handling", "04.Exception Handling", "{A6F378D0-2A90-48F0-A703-5E7E7D5406B5}"
EndProject
Project("{FAE04EC0-301F-11D3-BF4B-00C04F79EFBC}") = "Exception Handling", "01.CSharp\Day 2\04.Exception Handling\Exception Handling\Exception Handling.csproj", "{6CE8E8B9-D86C-42CE-8E10-33CE58C1F758}"
EndProject
Project("{2150E333-8FDC-42A3-9474-1A3956D46DE8}") = "Day 3", "Day 3", "{2D4C24A5-1554-41F2-A331-9E603AAFB375}"
EndProject
Project("{2150E333-8FDC-42A3-9474-1A3956D46DE8}") = "01.Introduction To LINQ", "01.Introduction To LINQ", "{88F8CF80-537D-43E0-AFDC-F119523163D3}"
EndProject
Project("{FAE04EC0-301F-11D3-BF4B-00C04F79EFBC}") = "Introduction To LINQ", "01.CSharp\Day 3\01.Introduction To LINQ\Introduction To LINQ\Introduction To LINQ.csproj", "{C8ACCF14-F70F-4C1E-A335-39BB6993CDF0}"
EndProject
Project("{2150E333-8FDC-42A3-9474-1A3956D46DE8}") = "02.Anonymity", "02.Anonymity", "{BDE658FD-5D09-41AB-9B7B-A570C7BCA74F}"
EndProject
Project("{FAE04EC0-301F-11D3-BF4B-00C04F79EFBC}") = "Anonymity", "01.CSharp\Day 3\02.Anonymity\Anonymity\Anonymity.csproj", "{B402704E-743F-4E71-8364-2BB0980323A4}"
EndProject
Project("{2150E333-8FDC-42A3-9474-1A3956D46DE8}") = "03.Asynchrony", "03.Asynchrony", "{EEF2DE63-D537-4907-AEA0-5FD98C2C622B}"
EndProject
Project("{2150E333-8FDC-42A3-9474-1A3956D46DE8}") = "01.Object Oriented Programming", "01.Object Oriented Programming", "{8D75D054-AA58-41BA-A865-95891B2DAD4A}"
EndProject
Project("{FAE04EC0-301F-11D3-BF4B-00C04F79EFBC}") = "Asynchrony", "01.CSharp\Day 3\03.Asynchrony\New folder\Asynchrony\Asynchrony.csproj", "{9EA48C05-4BDE-4C98-8BA3-C73991DB46F8}"
EndProject
Project("{FAE04EC0-301F-11D3-BF4B-00C04F79EFBC}") = "Object Oriented Programming", "01.CSharp\Day 1\01.Object Oriented Programming\Object Oriented Programming\Object Oriented Programming.csproj", "{49C035C9-7E81-4C63-89D9-4433966E77D5}"
EndProject
Global
	GlobalSection(SolutionConfigurationPlatforms) = preSolution
		Debug|Any CPU = Debug|Any CPU
		Debug|ARM = Debug|ARM
		Debug|x64 = Debug|x64
		Debug|x86 = Debug|x86
		Release|Any CPU = Release|Any CPU
		Release|ARM = Release|ARM
		Release|x64 = Release|x64
		Release|x86 = Release|x86
	EndGlobalSection
	GlobalSection(ProjectConfigurationPlatforms) = postSolution
		{0F664A4A-70C7-4B6E-8A00-71E1DD78A2F0}.Debug|Any CPU.ActiveCfg = Debug|Any CPU
		{0F664A4A-70C7-4B6E-8A00-71E1DD78A2F0}.Debug|Any CPU.Build.0 = Debug|Any CPU
		{0F664A4A-70C7-4B6E-8A00-71E1DD78A2F0}.Debug|ARM.ActiveCfg = Debug|Any CPU
		{0F664A4A-70C7-4B6E-8A00-71E1DD78A2F0}.Debug|ARM.Build.0 = Debug|Any CPU
		{0F664A4A-70C7-4B6E-8A00-71E1DD78A2F0}.Debug|x64.ActiveCfg = Debug|Any CPU
		{0F664A4A-70C7-4B6E-8A00-71E1DD78A2F0}.Debug|x64.Build.0 = Debug|Any CPU
		{0F664A4A-70C7-4B6E-8A00-71E1DD78A2F0}.Debug|x86.ActiveCfg = Debug|Any CPU
		{0F664A4A-70C7-4B6E-8A00-71E1DD78A2F0}.Debug|x86.Build.0 = Debug|Any CPU
		{0F664A4A-70C7-4B6E-8A00-71E1DD78A2F0}.Release|Any CPU.ActiveCfg = Release|Any CPU
		{0F664A4A-70C7-4B6E-8A00-71E1DD78A2F0}.Release|Any CPU.Build.0 = Release|Any CPU
		{0F664A4A-70C7-4B6E-8A00-71E1DD78A2F0}.Release|ARM.ActiveCfg = Release|Any CPU
		{0F664A4A-70C7-4B6E-8A00-71E1DD78A2F0}.Release|ARM.Build.0 = Release|Any CPU
		{0F664A4A-70C7-4B6E-8A00-71E1DD78A2F0}.Release|x64.ActiveCfg = Release|Any CPU
		{0F664A4A-70C7-4B6E-8A00-71E1DD78A2F0}.Release|x64.Build.0 = Release|Any CPU
		{0F664A4A-70C7-4B6E-8A00-71E1DD78A2F0}.Release|x86.ActiveCfg = Release|Any CPU
		{0F664A4A-70C7-4B6E-8A00-71E1DD78A2F0}.Release|x86.Build.0 = Release|Any CPU
		{E0AC87FD-8D1F-4983-B9BB-0AD32A1456FD}.Debug|Any CPU.ActiveCfg = Debug|Any CPU
		{E0AC87FD-8D1F-4983-B9BB-0AD32A1456FD}.Debug|Any CPU.Build.0 = Debug|Any CPU
		{E0AC87FD-8D1F-4983-B9BB-0AD32A1456FD}.Debug|ARM.ActiveCfg = Debug|Any CPU
		{E0AC87FD-8D1F-4983-B9BB-0AD32A1456FD}.Debug|ARM.Build.0 = Debug|Any CPU
		{E0AC87FD-8D1F-4983-B9BB-0AD32A1456FD}.Debug|x64.ActiveCfg = Debug|Any CPU
		{E0AC87FD-8D1F-4983-B9BB-0AD32A1456FD}.Debug|x64.Build.0 = Debug|Any CPU
		{E0AC87FD-8D1F-4983-B9BB-0AD32A1456FD}.Debug|x86.ActiveCfg = Debug|Any CPU
		{E0AC87FD-8D1F-4983-B9BB-0AD32A1456FD}.Debug|x86.Build.0 = Debug|Any CPU
		{E0AC87FD-8D1F-4983-B9BB-0AD32A1456FD}.Release|Any CPU.ActiveCfg = Release|Any CPU
		{E0AC87FD-8D1F-4983-B9BB-0AD32A1456FD}.Release|Any CPU.Build.0 = Release|Any CPU
		{E0AC87FD-8D1F-4983-B9BB-0AD32A1456FD}.Release|ARM.ActiveCfg = Release|Any CPU
		{E0AC87FD-8D1F-4983-B9BB-0AD32A1456FD}.Release|ARM.Build.0 = Release|Any CPU
		{E0AC87FD-8D1F-4983-B9BB-0AD32A1456FD}.Release|x64.ActiveCfg = Release|Any CPU
		{E0AC87FD-8D1F-4983-B9BB-0AD32A1456FD}.Release|x64.Build.0 = Release|Any CPU
		{E0AC87FD-8D1F-4983-B9BB-0AD32A1456FD}.Release|x86.ActiveCfg = Release|Any CPU
		{E0AC87FD-8D1F-4983-B9BB-0AD32A1456FD}.Release|x86.Build.0 = Release|Any CPU
		{11A8CC44-D32A-40F5-A629-550C3C2DE8BE}.Debug|Any CPU.ActiveCfg = Debug|Any CPU
		{11A8CC44-D32A-40F5-A629-550C3C2DE8BE}.Debug|Any CPU.Build.0 = Debug|Any CPU
		{11A8CC44-D32A-40F5-A629-550C3C2DE8BE}.Debug|ARM.ActiveCfg = Debug|Any CPU
		{11A8CC44-D32A-40F5-A629-550C3C2DE8BE}.Debug|ARM.Build.0 = Debug|Any CPU
		{11A8CC44-D32A-40F5-A629-550C3C2DE8BE}.Debug|x64.ActiveCfg = Debug|Any CPU
		{11A8CC44-D32A-40F5-A629-550C3C2DE8BE}.Debug|x64.Build.0 = Debug|Any CPU
		{11A8CC44-D32A-40F5-A629-550C3C2DE8BE}.Debug|x86.ActiveCfg = Debug|Any CPU
		{11A8CC44-D32A-40F5-A629-550C3C2DE8BE}.Debug|x86.Build.0 = Debug|Any CPU
		{11A8CC44-D32A-40F5-A629-550C3C2DE8BE}.Release|Any CPU.ActiveCfg = Release|Any CPU
		{11A8CC44-D32A-40F5-A629-550C3C2DE8BE}.Release|Any CPU.Build.0 = Release|Any CPU
		{11A8CC44-D32A-40F5-A629-550C3C2DE8BE}.Release|ARM.ActiveCfg = Release|Any CPU
		{11A8CC44-D32A-40F5-A629-550C3C2DE8BE}.Release|ARM.Build.0 = Release|Any CPU
		{11A8CC44-D32A-40F5-A629-550C3C2DE8BE}.Release|x64.ActiveCfg = Release|Any CPU
		{11A8CC44-D32A-40F5-A629-550C3C2DE8BE}.Release|x64.Build.0 = Release|Any CPU
		{11A8CC44-D32A-40F5-A629-550C3C2DE8BE}.Release|x86.ActiveCfg = Release|Any CPU
		{11A8CC44-D32A-40F5-A629-550C3C2DE8BE}.Release|x86.Build.0 = Release|Any CPU
		{6CE8E8B9-D86C-42CE-8E10-33CE58C1F758}.Debug|Any CPU.ActiveCfg = Debug|Any CPU
		{6CE8E8B9-D86C-42CE-8E10-33CE58C1F758}.Debug|Any CPU.Build.0 = Debug|Any CPU
		{6CE8E8B9-D86C-42CE-8E10-33CE58C1F758}.Debug|ARM.ActiveCfg = Debug|Any CPU
		{6CE8E8B9-D86C-42CE-8E10-33CE58C1F758}.Debug|ARM.Build.0 = Debug|Any CPU
		{6CE8E8B9-D86C-42CE-8E10-33CE58C1F758}.Debug|x64.ActiveCfg = Debug|Any CPU
		{6CE8E8B9-D86C-42CE-8E10-33CE58C1F758}.Debug|x64.Build.0 = Debug|Any CPU
		{6CE8E8B9-D86C-42CE-8E10-33CE58C1F758}.Debug|x86.ActiveCfg = Debug|Any CPU
		{6CE8E8B9-D86C-42CE-8E10-33CE58C1F758}.Debug|x86.Build.0 = Debug|Any CPU
		{6CE8E8B9-D86C-42CE-8E10-33CE58C1F758}.Release|Any CPU.ActiveCfg = Release|Any CPU
		{6CE8E8B9-D86C-42CE-8E10-33CE58C1F758}.Release|Any CPU.Build.0 = Release|Any CPU
		{6CE8E8B9-D86C-42CE-8E10-33CE58C1F758}.Release|ARM.ActiveCfg = Release|Any CPU
		{6CE8E8B9-D86C-42CE-8E10-33CE58C1F758}.Release|ARM.Build.0 = Release|Any CPU
		{6CE8E8B9-D86C-42CE-8E10-33CE58C1F758}.Release|x64.ActiveCfg = Release|Any CPU
		{6CE8E8B9-D86C-42CE-8E10-33CE58C1F758}.Release|x64.Build.0 = Release|Any CPU
		{6CE8E8B9-D86C-42CE-8E10-33CE58C1F758}.Release|x86.ActiveCfg = Release|Any CPU
		{6CE8E8B9-D86C-42CE-8E10-33CE58C1F758}.Release|x86.Build.0 = Release|Any CPU
		{C8ACCF14-F70F-4C1E-A335-39BB6993CDF0}.Debug|Any CPU.ActiveCfg = Debug|Any CPU
		{C8ACCF14-F70F-4C1E-A335-39BB6993CDF0}.Debug|Any CPU.Build.0 = Debug|Any CPU
		{C8ACCF14-F70F-4C1E-A335-39BB6993CDF0}.Debug|ARM.ActiveCfg = Debug|Any CPU
		{C8ACCF14-F70F-4C1E-A335-39BB6993CDF0}.Debug|ARM.Build.0 = Debug|Any CPU
		{C8ACCF14-F70F-4C1E-A335-39BB6993CDF0}.Debug|x64.ActiveCfg = Debug|Any CPU
		{C8ACCF14-F70F-4C1E-A335-39BB6993CDF0}.Debug|x64.Build.0 = Debug|Any CPU
		{C8ACCF14-F70F-4C1E-A335-39BB6993CDF0}.Debug|x86.ActiveCfg = Debug|Any CPU
		{C8ACCF14-F70F-4C1E-A335-39BB6993CDF0}.Debug|x86.Build.0 = Debug|Any CPU
		{C8ACCF14-F70F-4C1E-A335-39BB6993CDF0}.Release|Any CPU.ActiveCfg = Release|Any CPU
		{C8ACCF14-F70F-4C1E-A335-39BB6993CDF0}.Release|Any CPU.Build.0 = Release|Any CPU
		{C8ACCF14-F70F-4C1E-A335-39BB6993CDF0}.Release|ARM.ActiveCfg = Release|Any CPU
		{C8ACCF14-F70F-4C1E-A335-39BB6993CDF0}.Release|ARM.Build.0 = Release|Any CPU
		{C8ACCF14-F70F-4C1E-A335-39BB6993CDF0}.Release|x64.ActiveCfg = Release|Any CPU
		{C8ACCF14-F70F-4C1E-A335-39BB6993CDF0}.Release|x64.Build.0 = Release|Any CPU
		{C8ACCF14-F70F-4C1E-A335-39BB6993CDF0}.Release|x86.ActiveCfg = Release|Any CPU
		{C8ACCF14-F70F-4C1E-A335-39BB6993CDF0}.Release|x86.Build.0 = Release|Any CPU
		{B402704E-743F-4E71-8364-2BB0980323A4}.Debug|Any CPU.ActiveCfg = Debug|Any CPU
		{B402704E-743F-4E71-8364-2BB0980323A4}.Debug|Any CPU.Build.0 = Debug|Any CPU
		{B402704E-743F-4E71-8364-2BB0980323A4}.Debug|ARM.ActiveCfg = Debug|Any CPU
		{B402704E-743F-4E71-8364-2BB0980323A4}.Debug|ARM.Build.0 = Debug|Any CPU
		{B402704E-743F-4E71-8364-2BB0980323A4}.Debug|x64.ActiveCfg = Debug|Any CPU
		{B402704E-743F-4E71-8364-2BB0980323A4}.Debug|x64.Build.0 = Debug|Any CPU
		{B402704E-743F-4E71-8364-2BB0980323A4}.Debug|x86.ActiveCfg = Debug|Any CPU
		{B402704E-743F-4E71-8364-2BB0980323A4}.Debug|x86.Build.0 = Debug|Any CPU
		{B402704E-743F-4E71-8364-2BB0980323A4}.Release|Any CPU.ActiveCfg = Release|Any CPU
		{B402704E-743F-4E71-8364-2BB0980323A4}.Release|Any CPU.Build.0 = Release|Any CPU
		{B402704E-743F-4E71-8364-2BB0980323A4}.Release|ARM.ActiveCfg = Release|Any CPU
		{B402704E-743F-4E71-8364-2BB0980323A4}.Release|ARM.Build.0 = Release|Any CPU
		{B402704E-743F-4E71-8364-2BB0980323A4}.Release|x64.ActiveCfg = Release|Any CPU
		{B402704E-743F-4E71-8364-2BB0980323A4}.Release|x64.Build.0 = Release|Any CPU
		{B402704E-743F-4E71-8364-2BB0980323A4}.Release|x86.ActiveCfg = Release|Any CPU
		{B402704E-743F-4E71-8364-2BB0980323A4}.Release|x86.Build.0 = Release|Any CPU
		{9EA48C05-4BDE-4C98-8BA3-C73991DB46F8}.Debug|Any CPU.ActiveCfg = Debug|x86
		{9EA48C05-4BDE-4C98-8BA3-C73991DB46F8}.Debug|ARM.ActiveCfg = Debug|ARM
		{9EA48C05-4BDE-4C98-8BA3-C73991DB46F8}.Debug|ARM.Build.0 = Debug|ARM
		{9EA48C05-4BDE-4C98-8BA3-C73991DB46F8}.Debug|ARM.Deploy.0 = Debug|ARM
		{9EA48C05-4BDE-4C98-8BA3-C73991DB46F8}.Debug|x64.ActiveCfg = Debug|x64
		{9EA48C05-4BDE-4C98-8BA3-C73991DB46F8}.Debug|x64.Build.0 = Debug|x64
		{9EA48C05-4BDE-4C98-8BA3-C73991DB46F8}.Debug|x64.Deploy.0 = Debug|x64
		{9EA48C05-4BDE-4C98-8BA3-C73991DB46F8}.Debug|x86.ActiveCfg = Debug|x86
		{9EA48C05-4BDE-4C98-8BA3-C73991DB46F8}.Debug|x86.Build.0 = Debug|x86
		{9EA48C05-4BDE-4C98-8BA3-C73991DB46F8}.Debug|x86.Deploy.0 = Debug|x86
		{9EA48C05-4BDE-4C98-8BA3-C73991DB46F8}.Release|Any CPU.ActiveCfg = Release|x86
		{9EA48C05-4BDE-4C98-8BA3-C73991DB46F8}.Release|ARM.ActiveCfg = Release|ARM
		{9EA48C05-4BDE-4C98-8BA3-C73991DB46F8}.Release|ARM.Build.0 = Release|ARM
		{9EA48C05-4BDE-4C98-8BA3-C73991DB46F8}.Release|ARM.Deploy.0 = Release|ARM
		{9EA48C05-4BDE-4C98-8BA3-C73991DB46F8}.Release|x64.ActiveCfg = Release|x64
		{9EA48C05-4BDE-4C98-8BA3-C73991DB46F8}.Release|x64.Build.0 = Release|x64
		{9EA48C05-4BDE-4C98-8BA3-C73991DB46F8}.Release|x64.Deploy.0 = Release|x64
		{9EA48C05-4BDE-4C98-8BA3-C73991DB46F8}.Release|x86.ActiveCfg = Release|x86
		{9EA48C05-4BDE-4C98-8BA3-C73991DB46F8}.Release|x86.Build.0 = Release|x86
		{9EA48C05-4BDE-4C98-8BA3-C73991DB46F8}.Release|x86.Deploy.0 = Release|x86
		{49C035C9-7E81-4C63-89D9-4433966E77D5}.Debug|Any CPU.ActiveCfg = Debug|Any CPU
		{49C035C9-7E81-4C63-89D9-4433966E77D5}.Debug|Any CPU.Build.0 = Debug|Any CPU
		{49C035C9-7E81-4C63-89D9-4433966E77D5}.Debug|ARM.ActiveCfg = Debug|Any CPU
		{49C035C9-7E81-4C63-89D9-4433966E77D5}.Debug|ARM.Build.0 = Debug|Any CPU
		{49C035C9-7E81-4C63-89D9-4433966E77D5}.Debug|x64.ActiveCfg = Debug|Any CPU
		{49C035C9-7E81-4C63-89D9-4433966E77D5}.Debug|x64.Build.0 = Debug|Any CPU
		{49C035C9-7E81-4C63-89D9-4433966E77D5}.Debug|x86.ActiveCfg = Debug|Any CPU
		{49C035C9-7E81-4C63-89D9-4433966E77D5}.Debug|x86.Build.0 = Debug|Any CPU
		{49C035C9-7E81-4C63-89D9-4433966E77D5}.Release|Any CPU.ActiveCfg = Release|Any CPU
		{49C035C9-7E81-4C63-89D9-4433966E77D5}.Release|Any CPU.Build.0 = Release|Any CPU
		{49C035C9-7E81-4C63-89D9-4433966E77D5}.Release|ARM.ActiveCfg = Release|Any CPU
		{49C035C9-7E81-4C63-89D9-4433966E77D5}.Release|ARM.Build.0 = Release|Any CPU
		{49C035C9-7E81-4C63-89D9-4433966E77D5}.Release|x64.ActiveCfg = Release|Any CPU
		{49C035C9-7E81-4C63-89D9-4433966E77D5}.Release|x64.Build.0 = Release|Any CPU
		{49C035C9-7E81-4C63-89D9-4433966E77D5}.Release|x86.ActiveCfg = Release|Any CPU
		{49C035C9-7E81-4C63-89D9-4433966E77D5}.Release|x86.Build.0 = Release|Any CPU
	EndGlobalSection
	GlobalSection(SolutionProperties) = preSolution
		HideSolutionNode = FALSE
	EndGlobalSection
	GlobalSection(NestedProjects) = preSolution
		{7495D411-8F21-4FA4-B673-75C7C3071231} = {9DC856B7-CC30-42F1-9FD6-CDF03A98B9F2}
		{6948279C-162E-4AB1-A92D-40AE0F1F35E7} = {9DC856B7-CC30-42F1-9FD6-CDF03A98B9F2}
		{24621E85-47AE-40A8-99C2-E435707AA25F} = {6948279C-162E-4AB1-A92D-40AE0F1F35E7}
		{280C5495-4821-4D4E-AF54-EA37F7665146} = {6948279C-162E-4AB1-A92D-40AE0F1F35E7}
		{0F664A4A-70C7-4B6E-8A00-71E1DD78A2F0} = {280C5495-4821-4D4E-AF54-EA37F7665146}
		{E0AC87FD-8D1F-4983-B9BB-0AD32A1456FD} = {24621E85-47AE-40A8-99C2-E435707AA25F}
		{E786382F-17D5-4D77-B629-96ADD44AAC52} = {6948279C-162E-4AB1-A92D-40AE0F1F35E7}
		{11A8CC44-D32A-40F5-A629-550C3C2DE8BE} = {E786382F-17D5-4D77-B629-96ADD44AAC52}
		{A6F378D0-2A90-48F0-A703-5E7E7D5406B5} = {6948279C-162E-4AB1-A92D-40AE0F1F35E7}
		{6CE8E8B9-D86C-42CE-8E10-33CE58C1F758} = {A6F378D0-2A90-48F0-A703-5E7E7D5406B5}
		{2D4C24A5-1554-41F2-A331-9E603AAFB375} = {9DC856B7-CC30-42F1-9FD6-CDF03A98B9F2}
		{88F8CF80-537D-43E0-AFDC-F119523163D3} = {2D4C24A5-1554-41F2-A331-9E603AAFB375}
		{C8ACCF14-F70F-4C1E-A335-39BB6993CDF0} = {88F8CF80-537D-43E0-AFDC-F119523163D3}
		{BDE658FD-5D09-41AB-9B7B-A570C7BCA74F} = {2D4C24A5-1554-41F2-A331-9E603AAFB375}
		{B402704E-743F-4E71-8364-2BB0980323A4} = {BDE658FD-5D09-41AB-9B7B-A570C7BCA74F}
		{EEF2DE63-D537-4907-AEA0-5FD98C2C622B} = {2D4C24A5-1554-41F2-A331-9E603AAFB375}
		{8D75D054-AA58-41BA-A865-95891B2DAD4A} = {7495D411-8F21-4FA4-B673-75C7C3071231}
		{9EA48C05-4BDE-4C98-8BA3-C73991DB46F8} = {EEF2DE63-D537-4907-AEA0-5FD98C2C622B}
		{49C035C9-7E81-4C63-89D9-4433966E77D5} = {8D75D054-AA58-41BA-A865-95891B2DAD4A}
	EndGlobalSection
EndGlobal
