
Microsoft Visual Studio Solution File, Format Version 12.00
# Visual Studio 14
VisualStudioVersion = 14.0.23107.0
MinimumVisualStudioVersion = 10.0.40219.1
Project("{2150E333-8FDC-42A3-9474-1A3956D46DE8}") = "01.CSharp", "01.CSharp", "{95821A4C-ACD9-4A83-A284-96E3A30EDD69}"
EndProject
Project("{2150E333-8FDC-42A3-9474-1A3956D46DE8}") = "Day 1", "Day 1", "{008DBCA7-3F5E-4DC3-9C02-4280640F9E35}"
EndProject
Project("{2150E333-8FDC-42A3-9474-1A3956D46DE8}") = "Day 2", "Day 2", "{8520C482-7D88-432D-AB0E-3FACFDABD3DE}"
EndProject
Project("{2150E333-8FDC-42A3-9474-1A3956D46DE8}") = "01.Data Types", "01.Data Types", "{063F82E9-71BA-42FD-8285-A6208CB98A1F}"
EndProject
Project("{FAE04EC0-301F-11D3-BF4B-00C04F79EFBC}") = "Data Types", "Data Types\Data Types.csproj", "{258FBFC1-86CF-4A4C-9A74-069A0C83E795}"
EndProject
Project("{2150E333-8FDC-42A3-9474-1A3956D46DE8}") = "02.Decision Making", "02.Decision Making", "{304A7FDF-31F7-49DE-B335-6AC3FFCD31C8}"
EndProject
Project("{FAE04EC0-301F-11D3-BF4B-00C04F79EFBC}") = "Decision Making", "Decision Making\Decision Making.csproj", "{4CC3C906-4ACF-4B0B-9B77-206D3F4E4C33}"
EndProject
Project("{2150E333-8FDC-42A3-9474-1A3956D46DE8}") = "03.Event Driven", "03.Event Driven", "{0B45B562-E5BC-4FA3-9748-8DE40C12FEB3}"
EndProject
Project("{FAE04EC0-301F-11D3-BF4B-00C04F79EFBC}") = "Event Driven", "Event Driven\Event Driven.csproj", "{E4A33DA0-D8E2-4691-BA7F-3A076A6AE49D}"
EndProject
Global
	GlobalSection(SolutionConfigurationPlatforms) = preSolution
		Debug|Any CPU = Debug|Any CPU
		Release|Any CPU = Release|Any CPU
	EndGlobalSection
	GlobalSection(ProjectConfigurationPlatforms) = postSolution
		{258FBFC1-86CF-4A4C-9A74-069A0C83E795}.Debug|Any CPU.ActiveCfg = Debug|Any CPU
		{258FBFC1-86CF-4A4C-9A74-069A0C83E795}.Debug|Any CPU.Build.0 = Debug|Any CPU
		{258FBFC1-86CF-4A4C-9A74-069A0C83E795}.Release|Any CPU.ActiveCfg = Release|Any CPU
		{258FBFC1-86CF-4A4C-9A74-069A0C83E795}.Release|Any CPU.Build.0 = Release|Any CPU
		{4CC3C906-4ACF-4B0B-9B77-206D3F4E4C33}.Debug|Any CPU.ActiveCfg = Debug|Any CPU
		{4CC3C906-4ACF-4B0B-9B77-206D3F4E4C33}.Debug|Any CPU.Build.0 = Debug|Any CPU
		{4CC3C906-4ACF-4B0B-9B77-206D3F4E4C33}.Release|Any CPU.ActiveCfg = Release|Any CPU
		{4CC3C906-4ACF-4B0B-9B77-206D3F4E4C33}.Release|Any CPU.Build.0 = Release|Any CPU
		{E4A33DA0-D8E2-4691-BA7F-3A076A6AE49D}.Debug|Any CPU.ActiveCfg = Debug|Any CPU
		{E4A33DA0-D8E2-4691-BA7F-3A076A6AE49D}.Debug|Any CPU.Build.0 = Debug|Any CPU
		{E4A33DA0-D8E2-4691-BA7F-3A076A6AE49D}.Release|Any CPU.ActiveCfg = Release|Any CPU
		{E4A33DA0-D8E2-4691-BA7F-3A076A6AE49D}.Release|Any CPU.Build.0 = Release|Any CPU
	EndGlobalSection
	GlobalSection(SolutionProperties) = preSolution
		HideSolutionNode = FALSE
	EndGlobalSection
	GlobalSection(NestedProjects) = preSolution
		{008DBCA7-3F5E-4DC3-9C02-4280640F9E35} = {95821A4C-ACD9-4A83-A284-96E3A30EDD69}
		{8520C482-7D88-432D-AB0E-3FACFDABD3DE} = {95821A4C-ACD9-4A83-A284-96E3A30EDD69}
		{063F82E9-71BA-42FD-8285-A6208CB98A1F} = {8520C482-7D88-432D-AB0E-3FACFDABD3DE}
		{258FBFC1-86CF-4A4C-9A74-069A0C83E795} = {063F82E9-71BA-42FD-8285-A6208CB98A1F}
		{304A7FDF-31F7-49DE-B335-6AC3FFCD31C8} = {8520C482-7D88-432D-AB0E-3FACFDABD3DE}
		{4CC3C906-4ACF-4B0B-9B77-206D3F4E4C33} = {304A7FDF-31F7-49DE-B335-6AC3FFCD31C8}
		{0B45B562-E5BC-4FA3-9748-8DE40C12FEB3} = {8520C482-7D88-432D-AB0E-3FACFDABD3DE}
		{E4A33DA0-D8E2-4691-BA7F-3A076A6AE49D} = {0B45B562-E5BC-4FA3-9748-8DE40C12FEB3}
	EndGlobalSection
EndGlobal
